
Microsoft Visual Studio Solution File, Format Version 12.00
# Visual Studio Version 17
VisualStudioVersion = 17.7.34009.444
MinimumVisualStudioVersion = 10.0.40219.1
Project("{FAE04EC0-301F-11D3-BF4B-00C04F79EFBC}") = "ReadersWriterProblem", "ReadersWriterProblem\ReadersWriterProblem.csproj", "{D24A8CFF-290A-4B34-9BC1-5D693BE3E712}"
EndProject
Project("{FAE04EC0-301F-11D3-BF4B-00C04F79EFBC}") = "Tests", "Tests\Tests.csproj", "{0E969A46-764A-41F5-9593-4E99EA3B6928}"
EndProject
Global
	GlobalSection(SolutionConfigurationPlatforms) = preSolution
		Debug|Any CPU = Debug|Any CPU
		Release|Any CPU = Release|Any CPU
	EndGlobalSection
	GlobalSection(ProjectConfigurationPlatforms) = postSolution
		{D24A8CFF-290A-4B34-9BC1-5D693BE3E712}.Debug|Any CPU.ActiveCfg = Debug|Any CPU
		{D24A8CFF-290A-4B34-9BC1-5D693BE3E712}.Debug|Any CPU.Build.0 = Debug|Any CPU
		{D24A8CFF-290A-4B34-9BC1-5D693BE3E712}.Release|Any CPU.ActiveCfg = Release|Any CPU
		{D24A8CFF-290A-4B34-9BC1-5D693BE3E712}.Release|Any CPU.Build.0 = Release|Any CPU
		{0E969A46-764A-41F5-9593-4E99EA3B6928}.Debug|Any CPU.ActiveCfg = Debug|Any CPU
		{0E969A46-764A-41F5-9593-4E99EA3B6928}.Debug|Any CPU.Build.0 = Debug|Any CPU
		{0E969A46-764A-41F5-9593-4E99EA3B6928}.Release|Any CPU.ActiveCfg = Release|Any CPU
		{0E969A46-764A-41F5-9593-4E99EA3B6928}.Release|Any CPU.Build.0 = Release|Any CPU
	EndGlobalSection
	GlobalSection(SolutionProperties) = preSolution
		HideSolutionNode = FALSE
	EndGlobalSection
	GlobalSection(ExtensibilityGlobals) = postSolution
		SolutionGuid = {435FF02C-49BB-466E-9F09-5260249DF0B1}
	EndGlobalSection
EndGlobal
